
Microsoft Visual Studio Solution File, Format Version 12.00
Project("{FAE04EC0-301F-11D3-BF4B-00C04F79EFBC}") = "Timecards", "Timecards\Timecards.csproj", "{2374F7E2-5167-48A8-9F65-A30A909B8E61}"
EndProject
Global
	GlobalSection(SolutionConfigurationPlatforms) = preSolution
		Debug|Any CPU = Debug|Any CPU
		Release|Any CPU = Release|Any CPU
	EndGlobalSection
	GlobalSection(ProjectConfigurationPlatforms) = postSolution
		{2374F7E2-5167-48A8-9F65-A30A909B8E61}.Debug|Any CPU.ActiveCfg = Debug|Any CPU
		{2374F7E2-5167-48A8-9F65-A30A909B8E61}.Debug|Any CPU.Build.0 = Debug|Any CPU
		{2374F7E2-5167-48A8-9F65-A30A909B8E61}.Release|Any CPU.ActiveCfg = Release|Any CPU
		{2374F7E2-5167-48A8-9F65-A30A909B8E61}.Release|Any CPU.Build.0 = Release|Any CPU
	EndGlobalSection
EndGlobal
